{
  "name": "super-searchable-selectbox",
  "version": "1.0.1",
  "description": "A customizable, searchable, and lightweight dropdown component for React.",
  "main": "dist/index.js",
  "module": "dist/index.esm.js",
  "types": "dist/index.d.ts",
  "repository": {
    "type": "git",
    "url": "https://github.com/your-username/super-searchable-selectbox.git"
  },
  "author": "Vengatesan Boominathan",
  "license": "MIT",
  "keywords": [
    "react",
    "dropdown",
    "select",
    "searchable",
    "typescript",
    "component"
  ],
  "scripts": {
    "dev": "npm run dev",
    "build": "tsc",
    "prepare": "npm run build",
    "test": "echo \"Error: no test specified\" && exit 1"
  },
  "peerDependencies": {
    "react": "^17.0.0 || ^18.0.0",
    "react-dom": "^17.0.0 || ^18.0.0"
  },
  "devDependencies": {
    "@rollup/plugin-commonjs": "^28.0.1",
    "@rollup/plugin-node-resolve": "^15.3.0",
    "@rollup/plugin-typescript": "^12.1.1",
    "@types/react": "^18.3.12",
    "@types/react-dom": "^18.3.1",
    "rollup": "^4.24.0",
    "rollup-plugin-peer-deps-external": "^2.2.4",
    "rollup-plugin-postcss": "^4.0.2",
    "sass": "^1.80.4",
    "typescript": "^5.6.3"
  },
  "files": [
    "dist",
    "src/styles/styles.scss"
  ],
  "engines": {
    "node": ">=14.0.0"
  }
}


